
Microsoft Visual Studio Solution File, Format Version 12.00
# Visual Studio Version 16
VisualStudioVersion = 16.0.30011.22
MinimumVisualStudioVersion = 10.0.40219.1
Project("{FAE04EC0-301F-11D3-BF4B-00C04F79EFBC}") = "HomeWork_6-Unit_Tests", "HomeWork_6-Unit_Tests.csproj", "{B3141BBE-89D9-4971-894F-4C22DFCB7FCB}"
EndProject
Global
	GlobalSection(SolutionConfigurationPlatforms) = preSolution
		Debug|Any CPU = Debug|Any CPU
		Release|Any CPU = Release|Any CPU
	EndGlobalSection
	GlobalSection(ProjectConfigurationPlatforms) = postSolution
		{B3141BBE-89D9-4971-894F-4C22DFCB7FCB}.Debug|Any CPU.ActiveCfg = Debug|Any CPU
		{B3141BBE-89D9-4971-894F-4C22DFCB7FCB}.Debug|Any CPU.Build.0 = Debug|Any CPU
		{B3141BBE-89D9-4971-894F-4C22DFCB7FCB}.Release|Any CPU.ActiveCfg = Release|Any CPU
		{B3141BBE-89D9-4971-894F-4C22DFCB7FCB}.Release|Any CPU.Build.0 = Release|Any CPU
	EndGlobalSection
	GlobalSection(SolutionProperties) = preSolution
		HideSolutionNode = FALSE
	EndGlobalSection
	GlobalSection(ExtensibilityGlobals) = postSolution
		SolutionGuid = {7235C5CD-301D-49A6-BE84-BA2A90EAC301}
	EndGlobalSection
EndGlobal
